
Microsoft Visual Studio Solution File, Format Version 12.00
# Visual Studio Version 17
VisualStudioVersion = 17.6.33815.320
MinimumVisualStudioVersion = 10.0.40219.1
Project("{FAE04EC0-301F-11D3-BF4B-00C04F79EFBC}") = "hm_konsol", "hm_konsol.csproj", "{0BCC658D-C5AA-431A-9FCB-933EDB6B8C92}"
EndProject
Global
	GlobalSection(SolutionConfigurationPlatforms) = preSolution
		Debug|Any CPU = Debug|Any CPU
		Release|Any CPU = Release|Any CPU
	EndGlobalSection
	GlobalSection(ProjectConfigurationPlatforms) = postSolution
		{0BCC658D-C5AA-431A-9FCB-933EDB6B8C92}.Debug|Any CPU.ActiveCfg = Debug|Any CPU
		{0BCC658D-C5AA-431A-9FCB-933EDB6B8C92}.Debug|Any CPU.Build.0 = Debug|Any CPU
		{0BCC658D-C5AA-431A-9FCB-933EDB6B8C92}.Release|Any CPU.ActiveCfg = Release|Any CPU
		{0BCC658D-C5AA-431A-9FCB-933EDB6B8C92}.Release|Any CPU.Build.0 = Release|Any CPU
	EndGlobalSection
	GlobalSection(SolutionProperties) = preSolution
		HideSolutionNode = FALSE
	EndGlobalSection
	GlobalSection(ExtensibilityGlobals) = postSolution
		SolutionGuid = {FD7A2239-212A-4298-AC7F-5BA9181C89F0}
	EndGlobalSection
EndGlobal
